
Microsoft Visual Studio Solution File, Format Version 12.00
# Visual Studio 15
VisualStudioVersion = 15.0.28307.852
MinimumVisualStudioVersion = 10.0.40219.1
Project("{FAE04EC0-301F-11D3-BF4B-00C04F79EFBC}") = "BHoM_Adapter", "BHoM_Adapter\BHoM_Adapter.csproj", "{C99A5DDF-78B1-4224-81AC-C5B90D03E423}"
EndProject
Project("{FAE04EC0-301F-11D3-BF4B-00C04F79EFBC}") = "File_Adapter", "File_Adapter\File_Adapter.csproj", "{014E441F-D0FA-42DC-90D2-DE6FFC9BAF30}"
EndProject
Project("{FAE04EC0-301F-11D3-BF4B-00C04F79EFBC}") = "Adapter_Engine", "Adapter_Engine\Adapter_Engine.csproj", "{78EACCE7-71DF-4003-BF38-71F80D3F6308}"
EndProject
Project("{FAE04EC0-301F-11D3-BF4B-00C04F79EFBC}") = "Adapter_oM", "Adapter_oM\Adapter_oM.csproj", "{03CD2C55-F3A7-4C47-B2E8-64909964329D}"
EndProject
Project("{FAE04EC0-301F-11D3-BF4B-00C04F79EFBC}") = "Structure_AdapterModule", "Structure_AdapterModule\Structure_AdapterModule.csproj", "{41A21E37-829A-4B8A-A29A-F48787E2B68E}"
EndProject
Global
	GlobalSection(SolutionConfigurationPlatforms) = preSolution
		Debug|Any CPU = Debug|Any CPU
		Release|Any CPU = Release|Any CPU
	EndGlobalSection
	GlobalSection(ProjectConfigurationPlatforms) = postSolution
		{C99A5DDF-78B1-4224-81AC-C5B90D03E423}.Debug|Any CPU.ActiveCfg = Debug|Any CPU
		{C99A5DDF-78B1-4224-81AC-C5B90D03E423}.Debug|Any CPU.Build.0 = Debug|Any CPU
		{C99A5DDF-78B1-4224-81AC-C5B90D03E423}.Release|Any CPU.ActiveCfg = Release|Any CPU
		{C99A5DDF-78B1-4224-81AC-C5B90D03E423}.Release|Any CPU.Build.0 = Release|Any CPU
		{014E441F-D0FA-42DC-90D2-DE6FFC9BAF30}.Debug|Any CPU.ActiveCfg = Debug|Any CPU
		{014E441F-D0FA-42DC-90D2-DE6FFC9BAF30}.Debug|Any CPU.Build.0 = Debug|Any CPU
		{014E441F-D0FA-42DC-90D2-DE6FFC9BAF30}.Release|Any CPU.ActiveCfg = Release|Any CPU
		{014E441F-D0FA-42DC-90D2-DE6FFC9BAF30}.Release|Any CPU.Build.0 = Release|Any CPU
		{78EACCE7-71DF-4003-BF38-71F80D3F6308}.Debug|Any CPU.ActiveCfg = Debug|Any CPU
		{78EACCE7-71DF-4003-BF38-71F80D3F6308}.Debug|Any CPU.Build.0 = Debug|Any CPU
		{78EACCE7-71DF-4003-BF38-71F80D3F6308}.Release|Any CPU.ActiveCfg = Release|Any CPU
		{78EACCE7-71DF-4003-BF38-71F80D3F6308}.Release|Any CPU.Build.0 = Release|Any CPU
		{03CD2C55-F3A7-4C47-B2E8-64909964329D}.Debug|Any CPU.ActiveCfg = Debug|Any CPU
		{03CD2C55-F3A7-4C47-B2E8-64909964329D}.Debug|Any CPU.Build.0 = Debug|Any CPU
		{03CD2C55-F3A7-4C47-B2E8-64909964329D}.Release|Any CPU.ActiveCfg = Release|Any CPU
		{03CD2C55-F3A7-4C47-B2E8-64909964329D}.Release|Any CPU.Build.0 = Release|Any CPU
		{41A21E37-829A-4B8A-A29A-F48787E2B68E}.Debug|Any CPU.ActiveCfg = Debug|Any CPU
		{41A21E37-829A-4B8A-A29A-F48787E2B68E}.Debug|Any CPU.Build.0 = Debug|Any CPU
		{41A21E37-829A-4B8A-A29A-F48787E2B68E}.Release|Any CPU.ActiveCfg = Release|Any CPU
		{41A21E37-829A-4B8A-A29A-F48787E2B68E}.Release|Any CPU.Build.0 = Release|Any CPU
	EndGlobalSection
	GlobalSection(SolutionProperties) = preSolution
		HideSolutionNode = FALSE
	EndGlobalSection
	GlobalSection(ExtensibilityGlobals) = postSolution
		SolutionGuid = {9F3C73B6-F4F5-4126-B74C-7B4A2F83F793}
	EndGlobalSection
EndGlobal
