
Microsoft Visual Studio Solution File, Format Version 12.00
# Visual Studio Version 16
VisualStudioVersion = 16.0.31624.102
MinimumVisualStudioVersion = 10.0.40219.1
Project("{FAE04EC0-301F-11D3-BF4B-00C04F79EFBC}") = "Adapter_Engine", "Adapter_Engine\Adapter_Engine.csproj", "{24782846-3697-437B-BC31-7734B0CF2B37}"
EndProject
Project("{FAE04EC0-301F-11D3-BF4B-00C04F79EFBC}") = "Adapter_oM", "Adapter_oM\Adapter_oM.csproj", "{4D02329B-C038-4695-87EA-C41C1A189294}"
EndProject
Project("{FAE04EC0-301F-11D3-BF4B-00C04F79EFBC}") = "BHoM_Adapter", "BHoM_Adapter\BHoM_Adapter.csproj", "{1F208236-B86B-49DB-BA7F-A588D8EE1498}"
EndProject
Project("{FAE04EC0-301F-11D3-BF4B-00C04F79EFBC}") = "Structure_AdapterModules", "Structure_AdapterModules\Structure_AdapterModules.csproj", "{FCD025BA-4D78-4177-B417-D1AABD481B8B}"
EndProject
Global
	GlobalSection(SolutionConfigurationPlatforms) = preSolution
		Debug|Any CPU = Debug|Any CPU
		Release|Any CPU = Release|Any CPU
	EndGlobalSection
	GlobalSection(ProjectConfigurationPlatforms) = postSolution
		{24782846-3697-437B-BC31-7734B0CF2B37}.Debug|Any CPU.ActiveCfg = Debug|Any CPU
		{24782846-3697-437B-BC31-7734B0CF2B37}.Debug|Any CPU.Build.0 = Debug|Any CPU
		{24782846-3697-437B-BC31-7734B0CF2B37}.Release|Any CPU.ActiveCfg = Release|Any CPU
		{24782846-3697-437B-BC31-7734B0CF2B37}.Release|Any CPU.Build.0 = Release|Any CPU
		{4D02329B-C038-4695-87EA-C41C1A189294}.Debug|Any CPU.ActiveCfg = Debug|Any CPU
		{4D02329B-C038-4695-87EA-C41C1A189294}.Debug|Any CPU.Build.0 = Debug|Any CPU
		{4D02329B-C038-4695-87EA-C41C1A189294}.Release|Any CPU.ActiveCfg = Release|Any CPU
		{4D02329B-C038-4695-87EA-C41C1A189294}.Release|Any CPU.Build.0 = Release|Any CPU
		{1F208236-B86B-49DB-BA7F-A588D8EE1498}.Debug|Any CPU.ActiveCfg = Debug|Any CPU
		{1F208236-B86B-49DB-BA7F-A588D8EE1498}.Debug|Any CPU.Build.0 = Debug|Any CPU
		{1F208236-B86B-49DB-BA7F-A588D8EE1498}.Release|Any CPU.ActiveCfg = Release|Any CPU
		{1F208236-B86B-49DB-BA7F-A588D8EE1498}.Release|Any CPU.Build.0 = Release|Any CPU
		{FCD025BA-4D78-4177-B417-D1AABD481B8B}.Debug|Any CPU.ActiveCfg = Debug|Any CPU
		{FCD025BA-4D78-4177-B417-D1AABD481B8B}.Debug|Any CPU.Build.0 = Debug|Any CPU
		{FCD025BA-4D78-4177-B417-D1AABD481B8B}.Release|Any CPU.ActiveCfg = Release|Any CPU
		{FCD025BA-4D78-4177-B417-D1AABD481B8B}.Release|Any CPU.Build.0 = Release|Any CPU
	EndGlobalSection
	GlobalSection(SolutionProperties) = preSolution
		HideSolutionNode = FALSE
	EndGlobalSection
	GlobalSection(ExtensibilityGlobals) = postSolution
		SolutionGuid = {C7B82C3C-0143-4C8C-AF3E-9F5209714A7A}
	EndGlobalSection
EndGlobal
