
Microsoft Visual Studio Solution File, Format Version 12.00
# Visual Studio Version 17
VisualStudioVersion = 17.3.32922.545
MinimumVisualStudioVersion = 10.0.40219.1
Project("{9A19103F-16F7-4668-BE54-9A1E7A4F7556}") = "BHoM_Adapter_Tests", "BHoM_Adapter_Tests\BHoM_Adapter_Tests.csproj", "{2693899C-1398-4486-BED2-02809FB43BE9}"
EndProject
Project("{9A19103F-16F7-4668-BE54-9A1E7A4F7556}") = "Adapter_oM", "..\..\Adapter_oM\Adapter_oM.csproj", "{C62FB82E-FDAB-4FF4-98B6-5EBD695B579F}"
EndProject
Project("{9A19103F-16F7-4668-BE54-9A1E7A4F7556}") = "Adapter_Engine", "..\..\Adapter_Engine\Adapter_Engine.csproj", "{CE56A0D0-EB5B-4A49-B20F-0432E1832937}"
EndProject
Project("{9A19103F-16F7-4668-BE54-9A1E7A4F7556}") = "BHoM_Adapter", "..\..\BHoM_Adapter\BHoM_Adapter.csproj", "{C389BC62-717D-4639-BACD-864CF97336BB}"
EndProject
Project("{9A19103F-16F7-4668-BE54-9A1E7A4F7556}") = "Structure_AdapterModules", "..\..\Structure_AdapterModules\Structure_AdapterModules.csproj", "{3E8F16BF-4EB2-47C8-B5D6-9A370A55B902}"
EndProject
Global
	GlobalSection(SolutionConfigurationPlatforms) = preSolution
		Debug|Any CPU = Debug|Any CPU
		Release|Any CPU = Release|Any CPU
		Test|Any CPU = Test|Any CPU
	EndGlobalSection
	GlobalSection(ProjectConfigurationPlatforms) = postSolution
		{2693899C-1398-4486-BED2-02809FB43BE9}.Debug|Any CPU.ActiveCfg = Debug|Any CPU
		{2693899C-1398-4486-BED2-02809FB43BE9}.Debug|Any CPU.Build.0 = Debug|Any CPU
		{2693899C-1398-4486-BED2-02809FB43BE9}.Release|Any CPU.ActiveCfg = Release|Any CPU
		{2693899C-1398-4486-BED2-02809FB43BE9}.Release|Any CPU.Build.0 = Release|Any CPU
		{2693899C-1398-4486-BED2-02809FB43BE9}.Test|Any CPU.ActiveCfg = Test|Any CPU
		{2693899C-1398-4486-BED2-02809FB43BE9}.Test|Any CPU.Build.0 = Test|Any CPU
		{C62FB82E-FDAB-4FF4-98B6-5EBD695B579F}.Debug|Any CPU.ActiveCfg = Debug|Any CPU
		{C62FB82E-FDAB-4FF4-98B6-5EBD695B579F}.Debug|Any CPU.Build.0 = Debug|Any CPU
		{C62FB82E-FDAB-4FF4-98B6-5EBD695B579F}.Release|Any CPU.ActiveCfg = Release|Any CPU
		{C62FB82E-FDAB-4FF4-98B6-5EBD695B579F}.Release|Any CPU.Build.0 = Release|Any CPU
		{C62FB82E-FDAB-4FF4-98B6-5EBD695B579F}.Test|Any CPU.ActiveCfg = Test|Any CPU
		{C62FB82E-FDAB-4FF4-98B6-5EBD695B579F}.Test|Any CPU.Build.0 = Test|Any CPU
		{CE56A0D0-EB5B-4A49-B20F-0432E1832937}.Debug|Any CPU.ActiveCfg = Debug|Any CPU
		{CE56A0D0-EB5B-4A49-B20F-0432E1832937}.Debug|Any CPU.Build.0 = Debug|Any CPU
		{CE56A0D0-EB5B-4A49-B20F-0432E1832937}.Release|Any CPU.ActiveCfg = Release|Any CPU
		{CE56A0D0-EB5B-4A49-B20F-0432E1832937}.Release|Any CPU.Build.0 = Release|Any CPU
		{CE56A0D0-EB5B-4A49-B20F-0432E1832937}.Test|Any CPU.ActiveCfg = Test|Any CPU
		{CE56A0D0-EB5B-4A49-B20F-0432E1832937}.Test|Any CPU.Build.0 = Test|Any CPU
		{C389BC62-717D-4639-BACD-864CF97336BB}.Debug|Any CPU.ActiveCfg = Debug|Any CPU
		{C389BC62-717D-4639-BACD-864CF97336BB}.Debug|Any CPU.Build.0 = Debug|Any CPU
		{C389BC62-717D-4639-BACD-864CF97336BB}.Release|Any CPU.ActiveCfg = Release|Any CPU
		{C389BC62-717D-4639-BACD-864CF97336BB}.Release|Any CPU.Build.0 = Release|Any CPU
		{C389BC62-717D-4639-BACD-864CF97336BB}.Test|Any CPU.ActiveCfg = Test|Any CPU
		{C389BC62-717D-4639-BACD-864CF97336BB}.Test|Any CPU.Build.0 = Test|Any CPU
		{3E8F16BF-4EB2-47C8-B5D6-9A370A55B902}.Debug|Any CPU.ActiveCfg = Debug|Any CPU
		{3E8F16BF-4EB2-47C8-B5D6-9A370A55B902}.Debug|Any CPU.Build.0 = Debug|Any CPU
		{3E8F16BF-4EB2-47C8-B5D6-9A370A55B902}.Release|Any CPU.ActiveCfg = Release|Any CPU
		{3E8F16BF-4EB2-47C8-B5D6-9A370A55B902}.Release|Any CPU.Build.0 = Release|Any CPU
		{3E8F16BF-4EB2-47C8-B5D6-9A370A55B902}.Test|Any CPU.ActiveCfg = Test|Any CPU
		{3E8F16BF-4EB2-47C8-B5D6-9A370A55B902}.Test|Any CPU.Build.0 = Test|Any CPU
	EndGlobalSection
	GlobalSection(SolutionProperties) = preSolution
		HideSolutionNode = FALSE
	EndGlobalSection
	GlobalSection(ExtensibilityGlobals) = postSolution
		SolutionGuid = {763D45C4-AF11-4244-B502-01ADEC9953BC}
	EndGlobalSection
EndGlobal
